
Microsoft Visual Studio Solution File, Format Version 12.00
# Visual Studio Version 17
VisualStudioVersion = 17.1.32319.34
MinimumVisualStudioVersion = 10.0.40219.1
Project("{FAE04EC0-301F-11D3-BF4B-00C04F79EFBC}") = "ForeignKeyEFPractice", "ForeignKeyEFPractice\ForeignKeyEFPractice.csproj", "{D275D213-FE76-4F46-B617-A9AB1DB03BA3}"
EndProject
Global
	GlobalSection(SolutionConfigurationPlatforms) = preSolution
		Debug|Any CPU = Debug|Any CPU
		Release|Any CPU = Release|Any CPU
	EndGlobalSection
	GlobalSection(ProjectConfigurationPlatforms) = postSolution
		{D275D213-FE76-4F46-B617-A9AB1DB03BA3}.Debug|Any CPU.ActiveCfg = Debug|Any CPU
		{D275D213-FE76-4F46-B617-A9AB1DB03BA3}.Debug|Any CPU.Build.0 = Debug|Any CPU
		{D275D213-FE76-4F46-B617-A9AB1DB03BA3}.Release|Any CPU.ActiveCfg = Release|Any CPU
		{D275D213-FE76-4F46-B617-A9AB1DB03BA3}.Release|Any CPU.Build.0 = Release|Any CPU
	EndGlobalSection
	GlobalSection(SolutionProperties) = preSolution
		HideSolutionNode = FALSE
	EndGlobalSection
	GlobalSection(ExtensibilityGlobals) = postSolution
		SolutionGuid = {BB536098-2742-4DA3-B3B1-A505AEE0302E}
	EndGlobalSection
EndGlobal
